
Microsoft Visual Studio Solution File, Format Version 12.00
# Visual Studio Version 17
VisualStudioVersion = 17.0.32014.148
MinimumVisualStudioVersion = 10.0.40219.1
Project("{FAE04EC0-301F-11D3-BF4B-00C04F79EFBC}") = "YaMu", "YaMu\YaMu.csproj", "{7287182F-7C89-4945-B86E-8A3D4B0A01A4}"
EndProject
Project("{FAE04EC0-301F-11D3-BF4B-00C04F79EFBC}") = "NAudio", "NAudio\NAudio.csproj", "{DA4F02E3-0B5E-42CD-B8D9-5583FA51D66E}"
EndProject
Project("{FAE04EC0-301F-11D3-BF4B-00C04F79EFBC}") = "NAudio.Universal", "NAudio.Universal\NAudio.Universal.csproj", "{B7418F4D-290E-4CBA-9DAB-83923E54DC61}"
EndProject
Global
	GlobalSection(SolutionConfigurationPlatforms) = preSolution
		Debug|ARM = Debug|ARM
		Debug|ARM64 = Debug|ARM64
		Debug|x64 = Debug|x64
		Debug|x86 = Debug|x86
		Release|ARM = Release|ARM
		Release|ARM64 = Release|ARM64
		Release|x64 = Release|x64
		Release|x86 = Release|x86
	EndGlobalSection
	GlobalSection(ProjectConfigurationPlatforms) = postSolution
		{7287182F-7C89-4945-B86E-8A3D4B0A01A4}.Debug|ARM.ActiveCfg = Debug|ARM
		{7287182F-7C89-4945-B86E-8A3D4B0A01A4}.Debug|ARM.Build.0 = Debug|ARM
		{7287182F-7C89-4945-B86E-8A3D4B0A01A4}.Debug|ARM.Deploy.0 = Debug|ARM
		{7287182F-7C89-4945-B86E-8A3D4B0A01A4}.Debug|ARM64.ActiveCfg = Debug|ARM64
		{7287182F-7C89-4945-B86E-8A3D4B0A01A4}.Debug|ARM64.Build.0 = Debug|ARM64
		{7287182F-7C89-4945-B86E-8A3D4B0A01A4}.Debug|ARM64.Deploy.0 = Debug|ARM64
		{7287182F-7C89-4945-B86E-8A3D4B0A01A4}.Debug|x64.ActiveCfg = Debug|x64
		{7287182F-7C89-4945-B86E-8A3D4B0A01A4}.Debug|x64.Build.0 = Debug|x64
		{7287182F-7C89-4945-B86E-8A3D4B0A01A4}.Debug|x64.Deploy.0 = Debug|x64
		{7287182F-7C89-4945-B86E-8A3D4B0A01A4}.Debug|x86.ActiveCfg = Debug|x86
		{7287182F-7C89-4945-B86E-8A3D4B0A01A4}.Debug|x86.Build.0 = Debug|x86
		{7287182F-7C89-4945-B86E-8A3D4B0A01A4}.Debug|x86.Deploy.0 = Debug|x86
		{7287182F-7C89-4945-B86E-8A3D4B0A01A4}.Release|ARM.ActiveCfg = Release|ARM
		{7287182F-7C89-4945-B86E-8A3D4B0A01A4}.Release|ARM.Build.0 = Release|ARM
		{7287182F-7C89-4945-B86E-8A3D4B0A01A4}.Release|ARM.Deploy.0 = Release|ARM
		{7287182F-7C89-4945-B86E-8A3D4B0A01A4}.Release|ARM64.ActiveCfg = Release|ARM64
		{7287182F-7C89-4945-B86E-8A3D4B0A01A4}.Release|ARM64.Build.0 = Release|ARM64
		{7287182F-7C89-4945-B86E-8A3D4B0A01A4}.Release|ARM64.Deploy.0 = Release|ARM64
		{7287182F-7C89-4945-B86E-8A3D4B0A01A4}.Release|x64.ActiveCfg = Release|x64
		{7287182F-7C89-4945-B86E-8A3D4B0A01A4}.Release|x64.Build.0 = Release|x64
		{7287182F-7C89-4945-B86E-8A3D4B0A01A4}.Release|x64.Deploy.0 = Release|x64
		{7287182F-7C89-4945-B86E-8A3D4B0A01A4}.Release|x86.ActiveCfg = Release|x86
		{7287182F-7C89-4945-B86E-8A3D4B0A01A4}.Release|x86.Build.0 = Release|x86
		{7287182F-7C89-4945-B86E-8A3D4B0A01A4}.Release|x86.Deploy.0 = Release|x86
		{DA4F02E3-0B5E-42CD-B8D9-5583FA51D66E}.Debug|ARM.ActiveCfg = Debug|Any CPU
		{DA4F02E3-0B5E-42CD-B8D9-5583FA51D66E}.Debug|ARM.Build.0 = Debug|Any CPU
		{DA4F02E3-0B5E-42CD-B8D9-5583FA51D66E}.Debug|ARM64.ActiveCfg = Debug|Any CPU
		{DA4F02E3-0B5E-42CD-B8D9-5583FA51D66E}.Debug|ARM64.Build.0 = Debug|Any CPU
		{DA4F02E3-0B5E-42CD-B8D9-5583FA51D66E}.Debug|x64.ActiveCfg = Debug|Any CPU
		{DA4F02E3-0B5E-42CD-B8D9-5583FA51D66E}.Debug|x64.Build.0 = Debug|Any CPU
		{DA4F02E3-0B5E-42CD-B8D9-5583FA51D66E}.Debug|x86.ActiveCfg = Debug|Any CPU
		{DA4F02E3-0B5E-42CD-B8D9-5583FA51D66E}.Debug|x86.Build.0 = Debug|Any CPU
		{DA4F02E3-0B5E-42CD-B8D9-5583FA51D66E}.Release|ARM.ActiveCfg = Release|Any CPU
		{DA4F02E3-0B5E-42CD-B8D9-5583FA51D66E}.Release|ARM.Build.0 = Release|Any CPU
		{DA4F02E3-0B5E-42CD-B8D9-5583FA51D66E}.Release|ARM64.ActiveCfg = Release|Any CPU
		{DA4F02E3-0B5E-42CD-B8D9-5583FA51D66E}.Release|ARM64.Build.0 = Release|Any CPU
		{DA4F02E3-0B5E-42CD-B8D9-5583FA51D66E}.Release|x64.ActiveCfg = Release|Any CPU
		{DA4F02E3-0B5E-42CD-B8D9-5583FA51D66E}.Release|x64.Build.0 = Release|Any CPU
		{DA4F02E3-0B5E-42CD-B8D9-5583FA51D66E}.Release|x86.ActiveCfg = Release|Any CPU
		{DA4F02E3-0B5E-42CD-B8D9-5583FA51D66E}.Release|x86.Build.0 = Release|Any CPU
		{B7418F4D-290E-4CBA-9DAB-83923E54DC61}.Debug|ARM.ActiveCfg = Debug|ARM
		{B7418F4D-290E-4CBA-9DAB-83923E54DC61}.Debug|ARM.Build.0 = Debug|ARM
		{B7418F4D-290E-4CBA-9DAB-83923E54DC61}.Debug|ARM64.ActiveCfg = Debug|Any CPU
		{B7418F4D-290E-4CBA-9DAB-83923E54DC61}.Debug|ARM64.Build.0 = Debug|Any CPU
		{B7418F4D-290E-4CBA-9DAB-83923E54DC61}.Debug|x64.ActiveCfg = Debug|x64
		{B7418F4D-290E-4CBA-9DAB-83923E54DC61}.Debug|x64.Build.0 = Debug|x64
		{B7418F4D-290E-4CBA-9DAB-83923E54DC61}.Debug|x86.ActiveCfg = Debug|x86
		{B7418F4D-290E-4CBA-9DAB-83923E54DC61}.Debug|x86.Build.0 = Debug|x86
		{B7418F4D-290E-4CBA-9DAB-83923E54DC61}.Release|ARM.ActiveCfg = Release|ARM
		{B7418F4D-290E-4CBA-9DAB-83923E54DC61}.Release|ARM.Build.0 = Release|ARM
		{B7418F4D-290E-4CBA-9DAB-83923E54DC61}.Release|ARM64.ActiveCfg = Release|Any CPU
		{B7418F4D-290E-4CBA-9DAB-83923E54DC61}.Release|ARM64.Build.0 = Release|Any CPU
		{B7418F4D-290E-4CBA-9DAB-83923E54DC61}.Release|x64.ActiveCfg = Release|x64
		{B7418F4D-290E-4CBA-9DAB-83923E54DC61}.Release|x64.Build.0 = Release|x64
		{B7418F4D-290E-4CBA-9DAB-83923E54DC61}.Release|x86.ActiveCfg = Release|x86
		{B7418F4D-290E-4CBA-9DAB-83923E54DC61}.Release|x86.Build.0 = Release|x86
	EndGlobalSection
	GlobalSection(SolutionProperties) = preSolution
		HideSolutionNode = FALSE
	EndGlobalSection
	GlobalSection(ExtensibilityGlobals) = postSolution
		SolutionGuid = {D4BD0169-6261-47AF-9082-9E0E7DC0BF1A}
	EndGlobalSection
EndGlobal
